
Microsoft Visual Studio Solution File, Format Version 12.00
# Visual Studio 15
VisualStudioVersion = 15.0.26430.16
MinimumVisualStudioVersion = 10.0.40219.1
Project("{FAE04EC0-301F-11D3-BF4B-00C04F79EFBC}") = "MHA.WebAPI", "MHA.WebAPI\MHA.WebAPI.csproj", "{B9217489-D348-4155-83A9-E704CAE727B3}"
EndProject
Project("{E24C65DC-7377-472B-9ABA-BC803B73C61A}") = "MHA.Client", "MHA.Client\", "{FADDF2FD-4F34-498D-A8CB-AFB6A2FC3471}"
	ProjectSection(WebsiteProperties) = preProject
		TargetFrameworkMoniker = ".NETFramework,Version%3Dv4.5.2"
		Debug.AspNetCompiler.VirtualPath = "/localhost_41414"
		Debug.AspNetCompiler.PhysicalPath = "MHA.Client\"
		Debug.AspNetCompiler.TargetPath = "PrecompiledWeb\localhost_41414\"
		Debug.AspNetCompiler.Updateable = "true"
		Debug.AspNetCompiler.ForceOverwrite = "true"
		Debug.AspNetCompiler.FixedNames = "false"
		Debug.AspNetCompiler.Debug = "True"
		Release.AspNetCompiler.VirtualPath = "/localhost_41414"
		Release.AspNetCompiler.PhysicalPath = "MHA.Client\"
		Release.AspNetCompiler.TargetPath = "PrecompiledWeb\localhost_41414\"
		Release.AspNetCompiler.Updateable = "true"
		Release.AspNetCompiler.ForceOverwrite = "true"
		Release.AspNetCompiler.FixedNames = "false"
		Release.AspNetCompiler.Debug = "False"
		VWDPort = "41414"
		SlnRelativePath = "MHA.Client\"
	EndProjectSection
EndProject
Global
	GlobalSection(SolutionConfigurationPlatforms) = preSolution
		Debug|Any CPU = Debug|Any CPU
		Release|Any CPU = Release|Any CPU
	EndGlobalSection
	GlobalSection(ProjectConfigurationPlatforms) = postSolution
		{B9217489-D348-4155-83A9-E704CAE727B3}.Debug|Any CPU.ActiveCfg = Debug|Any CPU
		{B9217489-D348-4155-83A9-E704CAE727B3}.Debug|Any CPU.Build.0 = Debug|Any CPU
		{B9217489-D348-4155-83A9-E704CAE727B3}.Release|Any CPU.ActiveCfg = Release|Any CPU
		{B9217489-D348-4155-83A9-E704CAE727B3}.Release|Any CPU.Build.0 = Release|Any CPU
		{FADDF2FD-4F34-498D-A8CB-AFB6A2FC3471}.Debug|Any CPU.ActiveCfg = Debug|Any CPU
		{FADDF2FD-4F34-498D-A8CB-AFB6A2FC3471}.Debug|Any CPU.Build.0 = Debug|Any CPU
		{FADDF2FD-4F34-498D-A8CB-AFB6A2FC3471}.Release|Any CPU.ActiveCfg = Debug|Any CPU
		{FADDF2FD-4F34-498D-A8CB-AFB6A2FC3471}.Release|Any CPU.Build.0 = Debug|Any CPU
	EndGlobalSection
	GlobalSection(SolutionProperties) = preSolution
		HideSolutionNode = FALSE
	EndGlobalSection
EndGlobal
